
Microsoft Visual Studio Solution File, Format Version 12.00
# Visual Studio Version 16
VisualStudioVersion = 16.0.30204.135
MinimumVisualStudioVersion = 10.0.40219.1
Project("{FAE04EC0-301F-11D3-BF4B-00C04F79EFBC}") = "Web Services", "..\Web Services\Web Services.csproj", "{B42F0FAD-317F-4041-8FC9-70652527AE40}"
EndProject
Project("{FAE04EC0-301F-11D3-BF4B-00C04F79EFBC}") = "Web Page", "..\Web Page\Web Page.csproj", "{F20E890D-2079-4178-AE15-8B2C023C53D9}"
	ProjectSection(ProjectDependencies) = postProject
		{B42F0FAD-317F-4041-8FC9-70652527AE40} = {B42F0FAD-317F-4041-8FC9-70652527AE40}
	EndProjectSection
EndProject
Global
	GlobalSection(SolutionConfigurationPlatforms) = preSolution
		Debug|Any CPU = Debug|Any CPU
		Release|Any CPU = Release|Any CPU
	EndGlobalSection
	GlobalSection(ProjectConfigurationPlatforms) = postSolution
		{B42F0FAD-317F-4041-8FC9-70652527AE40}.Debug|Any CPU.ActiveCfg = Debug|Any CPU
		{B42F0FAD-317F-4041-8FC9-70652527AE40}.Debug|Any CPU.Build.0 = Debug|Any CPU
		{B42F0FAD-317F-4041-8FC9-70652527AE40}.Release|Any CPU.ActiveCfg = Release|Any CPU
		{B42F0FAD-317F-4041-8FC9-70652527AE40}.Release|Any CPU.Build.0 = Release|Any CPU
		{F20E890D-2079-4178-AE15-8B2C023C53D9}.Debug|Any CPU.ActiveCfg = Debug|Any CPU
		{F20E890D-2079-4178-AE15-8B2C023C53D9}.Debug|Any CPU.Build.0 = Debug|Any CPU
		{F20E890D-2079-4178-AE15-8B2C023C53D9}.Release|Any CPU.ActiveCfg = Release|Any CPU
		{F20E890D-2079-4178-AE15-8B2C023C53D9}.Release|Any CPU.Build.0 = Release|Any CPU
	EndGlobalSection
	GlobalSection(SolutionProperties) = preSolution
		HideSolutionNode = FALSE
	EndGlobalSection
	GlobalSection(ExtensibilityGlobals) = postSolution
		SolutionGuid = {2D448D9E-6ACD-442D-AC05-FC256829E72B}
	EndGlobalSection
EndGlobal
